
Microsoft Visual Studio Solution File, Format Version 12.00
# Visual Studio Version 17
VisualStudioVersion = 17.6.33815.320
MinimumVisualStudioVersion = 10.0.40219.1
Project("{FAE04EC0-301F-11D3-BF4B-00C04F79EFBC}") = "IDO-Backend", "IDO-Backend.csproj", "{17BF64E9-A68B-4295-9B6B-60534256CC24}"
EndProject
Global
	GlobalSection(SolutionConfigurationPlatforms) = preSolution
		Debug|Any CPU = Debug|Any CPU
		Release|Any CPU = Release|Any CPU
	EndGlobalSection
	GlobalSection(ProjectConfigurationPlatforms) = postSolution
		{17BF64E9-A68B-4295-9B6B-60534256CC24}.Debug|Any CPU.ActiveCfg = Debug|Any CPU
		{17BF64E9-A68B-4295-9B6B-60534256CC24}.Debug|Any CPU.Build.0 = Debug|Any CPU
		{17BF64E9-A68B-4295-9B6B-60534256CC24}.Release|Any CPU.ActiveCfg = Release|Any CPU
		{17BF64E9-A68B-4295-9B6B-60534256CC24}.Release|Any CPU.Build.0 = Release|Any CPU
	EndGlobalSection
	GlobalSection(SolutionProperties) = preSolution
		HideSolutionNode = FALSE
	EndGlobalSection
	GlobalSection(ExtensibilityGlobals) = postSolution
		SolutionGuid = {F1108F0E-C3B5-4EE5-BD92-9468E630FFAB}
	EndGlobalSection
EndGlobal
